Microsoft Visual Studio Solution File, Format Version 9.00
# Visual Studio 2005
Project("{8BC9CEB8-8B4A-11D0-8D11-00A0C91BC942}") = "terrain", "terrain.vcproj", "{906A5C89-92F6-4C16-9A9E-4CEB7E431AD5}"
	ProjectSection(ProjectDependencies) = postProject
		{A0575529-0007-4619-90BD-8ABA6D0AC234} = {A0575529-0007-4619-90BD-8ABA6D0AC234}
		{5A840C6C-1445-4880-98DC-8DCBB23C90B4} = {5A840C6C-1445-4880-98DC-8DCBB23C90B4}
		{49288A7D-E44E-4EE8-83CE-2A7CBB9D5786} = {49288A7D-E44E-4EE8-83CE-2A7CBB9D5786}
		{CE932DB0-A729-4B0D-A2BE-E835A89764AD} = {CE932DB0-A729-4B0D-A2BE-E835A89764AD}
	EndProjectSection
EndProject
Project("{8BC9CEB8-8B4A-11D0-8D11-00A0C91BC942}") = "virtuality", "..\virtuality\virtuality.vcproj", "{5A840C6C-1445-4880-98DC-8DCBB23C90B4}"
	ProjectSection(ProjectDependencies) = postProject
		{CE932DB0-A729-4B0D-A2BE-E835A89764AD} = {CE932DB0-A729-4B0D-A2BE-E835A89764AD}
	EndProjectSection
EndProject
Project("{8BC9CEB8-8B4A-11D0-8D11-00A0C91BC942}") = "brain", "..\..\automaton\brain\brain.8.vcproj", "{A0575529-0007-4619-90BD-8ABA6D0AC234}"
	ProjectSection(ProjectDependencies) = postProject
		{CE932DB0-A729-4B0D-A2BE-E835A89764AD} = {CE932DB0-A729-4B0D-A2BE-E835A89764AD}
	EndProjectSection
EndProject
Project("{8BC9CEB8-8B4A-11D0-8D11-00A0C91BC942}") = "board", "..\..\automaton\board\brainboard.8.vcproj", "{49288A7D-E44E-4EE8-83CE-2A7CBB9D5786}"
	ProjectSection(ProjectDependencies) = postProject
		{A0575529-0007-4619-90BD-8ABA6D0AC234} = {A0575529-0007-4619-90BD-8ABA6D0AC234}
		{CE932DB0-A729-4B0D-A2BE-E835A89764AD} = {CE932DB0-A729-4B0D-A2BE-E835A89764AD}
	EndProjectSection
EndProject
Project("{8BC9CEB8-8B4A-11D0-8D11-00A0C91BC942}") = "sack_bag", "..\..\..\sack\vc8\sack_bag.vcproj", "{CE932DB0-A729-4B0D-A2BE-E835A89764AD}"
EndProject
Project("{8BC9CEB8-8B4A-11D0-8D11-00A0C91BC942}") = "msg.core", "..\..\..\sack\src\msgsvr\server\vc8\msg.core.service.vcproj", "{FBA7BC18-CFC3-4B00-B1DE-6048024290C9}"
	ProjectSection(ProjectDependencies) = postProject
		{CE932DB0-A729-4B0D-A2BE-E835A89764AD} = {CE932DB0-A729-4B0D-A2BE-E835A89764AD}
	EndProjectSection
EndProject
Project("{8BC9CEB8-8B4A-11D0-8D11-00A0C91BC942}") = "msgsvr", "..\..\..\sack\src\msgsvr\server\vc8\msgsvr.vcproj", "{154291D3-1AC5-4558-8B74-11C7AC29547E}"
	ProjectSection(ProjectDependencies) = postProject
		{FBA7BC18-CFC3-4B00-B1DE-6048024290C9} = {FBA7BC18-CFC3-4B00-B1DE-6048024290C9}
		{CE932DB0-A729-4B0D-A2BE-E835A89764AD} = {CE932DB0-A729-4B0D-A2BE-E835A89764AD}
	EndProjectSection
EndProject
Project("{8BC9CEB8-8B4A-11D0-8D11-00A0C91BC942}") = "datastore_client", "..\..\..\sack\src\msgsvr\datastore\vc8\datastore_client.vcproj", "{D3610202-5066-4D18-B029-D6346DAF5A52}"
EndProject
Project("{8BC9CEB8-8B4A-11D0-8D11-00A0C91BC942}") = "datastore", "..\..\..\sack\src\msgsvr\datastore\vc8\datastore.vcproj", "{494A9C97-9B0A-41A7-9463-2FDBE9314C50}"
EndProject
Project("{8BC9CEB8-8B4A-11D0-8D11-00A0C91BC942}") = "world_scape", "..\..\flatland\world\scape\vc8\world_scape.vcproj", "{0119CD87-8427-4EC9-8CAE-78A9F6E38A7D}"
	ProjectSection(ProjectDependencies) = postProject
		{F3C63230-F324-440E-97B2-7934B44FD7F4} = {F3C63230-F324-440E-97B2-7934B44FD7F4}
		{5A840C6C-1445-4880-98DC-8DCBB23C90B4} = {5A840C6C-1445-4880-98DC-8DCBB23C90B4}
		{CE932DB0-A729-4B0D-A2BE-E835A89764AD} = {CE932DB0-A729-4B0D-A2BE-E835A89764AD}
	EndProjectSection
EndProject
Project("{8BC9CEB8-8B4A-11D0-8D11-00A0C91BC942}") = "syscore", "..\..\..\dekware\vc8\syscore\syscore.vcproj", "{F3C63230-F324-440E-97B2-7934B44FD7F4}"
	ProjectSection(ProjectDependencies) = postProject
		{CE932DB0-A729-4B0D-A2BE-E835A89764AD} = {CE932DB0-A729-4B0D-A2BE-E835A89764AD}
	EndProjectSection
EndProject
Project("{8BC9CEB8-8B4A-11D0-8D11-00A0C91BC942}") = "filter.tokenizer", "..\..\..\dekware\vc8\filters\tokenizer\filter.tokenizer.vcproj", "{1794C5C0-CC10-401C-BAF3-CFC43A6D8E96}"
	ProjectSection(ProjectDependencies) = postProject
		{F3C63230-F324-440E-97B2-7934B44FD7F4} = {F3C63230-F324-440E-97B2-7934B44FD7F4}
		{CE932DB0-A729-4B0D-A2BE-E835A89764AD} = {CE932DB0-A729-4B0D-A2BE-E835A89764AD}
	EndProjectSection
EndProject
Project("{8BC9CEB8-8B4A-11D0-8D11-00A0C91BC942}") = "filter.bash", "..\..\..\dekware\vc8\filters\bashcmd\filter.bash.vcproj", "{8EE1532E-168A-4811-B8EB-731454E2DEEC}"
	ProjectSection(ProjectDependencies) = postProject
		{F3C63230-F324-440E-97B2-7934B44FD7F4} = {F3C63230-F324-440E-97B2-7934B44FD7F4}
		{CE932DB0-A729-4B0D-A2BE-E835A89764AD} = {CE932DB0-A729-4B0D-A2BE-E835A89764AD}
	EndProjectSection
EndProject
Project("{8BC9CEB8-8B4A-11D0-8D11-00A0C91BC942}") = "filter.split", "..\..\..\dekware\vc8\filters\split\filter.split.vcproj", "{B91FFE03-7BF9-49A2-A3CD-447A4A90E0C7}"
	ProjectSection(ProjectDependencies) = postProject
		{F3C63230-F324-440E-97B2-7934B44FD7F4} = {F3C63230-F324-440E-97B2-7934B44FD7F4}
		{CE932DB0-A729-4B0D-A2BE-E835A89764AD} = {CE932DB0-A729-4B0D-A2BE-E835A89764AD}
	EndProjectSection
EndProject
Project("{8BC9CEB8-8B4A-11D0-8D11-00A0C91BC942}") = "filter.binary", "..\..\..\dekware\vc8\filters\binary\filter.binary.vcproj", "{413EDE4D-7F9C-4637-894D-05259C784E74}"
	ProjectSection(ProjectDependencies) = postProject
		{F3C63230-F324-440E-97B2-7934B44FD7F4} = {F3C63230-F324-440E-97B2-7934B44FD7F4}
		{CE932DB0-A729-4B0D-A2BE-E835A89764AD} = {CE932DB0-A729-4B0D-A2BE-E835A89764AD}
	EndProjectSection
EndProject
Project("{8BC9CEB8-8B4A-11D0-8D11-00A0C91BC942}") = "filter.telnet", "..\..\..\dekware\vc8\filters\telnet\filter.telnet.vcproj", "{CD41FCF8-B9EE-4B94-A28D-D979E0EDD81D}"
	ProjectSection(ProjectDependencies) = postProject
		{F3C63230-F324-440E-97B2-7934B44FD7F4} = {F3C63230-F324-440E-97B2-7934B44FD7F4}
		{CE932DB0-A729-4B0D-A2BE-E835A89764AD} = {CE932DB0-A729-4B0D-A2BE-E835A89764AD}
	EndProjectSection
EndProject
Project("{8BC9CEB8-8B4A-11D0-8D11-00A0C91BC942}") = "filter.ansi", "..\..\..\dekware\vc8\filters\ansi\filter.ansi.vcproj", "{0A95A801-35AD-4AD1-B92D-43083FAD0C76}"
	ProjectSection(ProjectDependencies) = postProject
		{F3C63230-F324-440E-97B2-7934B44FD7F4} = {F3C63230-F324-440E-97B2-7934B44FD7F4}
		{CE932DB0-A729-4B0D-A2BE-E835A89764AD} = {CE932DB0-A729-4B0D-A2BE-E835A89764AD}
	EndProjectSection
EndProject
Project("{8BC9CEB8-8B4A-11D0-8D11-00A0C91BC942}") = "filter.command", "..\..\..\dekware\vc8\filters\command\filter.command.vcproj", "{40B55002-DCC1-4B49-AF7B-59A60C56CD3B}"
	ProjectSection(ProjectDependencies) = postProject
		{F3C63230-F324-440E-97B2-7934B44FD7F4} = {F3C63230-F324-440E-97B2-7934B44FD7F4}
		{CE932DB0-A729-4B0D-A2BE-E835A89764AD} = {CE932DB0-A729-4B0D-A2BE-E835A89764AD}
	EndProjectSection
EndProject
Project("{8BC9CEB8-8B4A-11D0-8D11-00A0C91BC942}") = "filter.merge", "..\..\..\dekware\vc8\filters\merge\filter.merge.vcproj", "{651163EB-8E94-4457-A9A8-80100DD6C479}"
	ProjectSection(ProjectDependencies) = postProject
		{F3C63230-F324-440E-97B2-7934B44FD7F4} = {F3C63230-F324-440E-97B2-7934B44FD7F4}
		{CE932DB0-A729-4B0D-A2BE-E835A89764AD} = {CE932DB0-A729-4B0D-A2BE-E835A89764AD}
	EndProjectSection
EndProject
Project("{8BC9CEB8-8B4A-11D0-8D11-00A0C91BC942}") = "filter.sink", "..\..\..\dekware\vc8\filters\sink\filter.sink.vcproj", "{38DF6FD4-EC19-435F-8B5C-0822ECEC1FFE}"
	ProjectSection(ProjectDependencies) = postProject
		{F3C63230-F324-440E-97B2-7934B44FD7F4} = {F3C63230-F324-440E-97B2-7934B44FD7F4}
		{CE932DB0-A729-4B0D-A2BE-E835A89764AD} = {CE932DB0-A729-4B0D-A2BE-E835A89764AD}
	EndProjectSection
EndProject
Project("{8BC9CEB8-8B4A-11D0-8D11-00A0C91BC942}") = "filter.splicer", "..\..\..\dekware\vc8\filters\splicer\filter.splicer.vcproj", "{96F58931-3820-448E-B762-BABABA626B36}"
	ProjectSection(ProjectDependencies) = postProject
		{F3C63230-F324-440E-97B2-7934B44FD7F4} = {F3C63230-F324-440E-97B2-7934B44FD7F4}
		{CE932DB0-A729-4B0D-A2BE-E835A89764AD} = {CE932DB0-A729-4B0D-A2BE-E835A89764AD}
	EndProjectSection
EndProject
Project("{8BC9CEB8-8B4A-11D0-8D11-00A0C91BC942}") = "term", "..\..\..\dekware\vc8\term\term.vcproj", "{ECBF87C1-1430-448A-9430-27792C37DC36}"
	ProjectSection(ProjectDependencies) = postProject
		{F3C63230-F324-440E-97B2-7934B44FD7F4} = {F3C63230-F324-440E-97B2-7934B44FD7F4}
		{CE932DB0-A729-4B0D-A2BE-E835A89764AD} = {CE932DB0-A729-4B0D-A2BE-E835A89764AD}
	EndProjectSection
EndProject
Project("{8BC9CEB8-8B4A-11D0-8D11-00A0C91BC942}") = "timer", "..\..\..\dekware\vc8\timer\timer.vcproj", "{7D885480-AA83-4379-BCC4-E0CF52498533}"
	ProjectSection(ProjectDependencies) = postProject
		{F3C63230-F324-440E-97B2-7934B44FD7F4} = {F3C63230-F324-440E-97B2-7934B44FD7F4}
		{CE932DB0-A729-4B0D-A2BE-E835A89764AD} = {CE932DB0-A729-4B0D-A2BE-E835A89764AD}
	EndProjectSection
EndProject
Project("{8BC9CEB8-8B4A-11D0-8D11-00A0C91BC942}") = "trigger", "..\..\..\dekware\vc8\trigger\trigger.vcproj", "{4CC364C1-689B-456E-AAC5-61AD07216F6A}"
	ProjectSection(ProjectDependencies) = postProject
		{F3C63230-F324-440E-97B2-7934B44FD7F4} = {F3C63230-F324-440E-97B2-7934B44FD7F4}
		{CE932DB0-A729-4B0D-A2BE-E835A89764AD} = {CE932DB0-A729-4B0D-A2BE-E835A89764AD}
	EndProjectSection
EndProject
Project("{8BC9CEB8-8B4A-11D0-8D11-00A0C91BC942}") = "character", "..\..\..\dekware\vc8\character\character.vcproj", "{539BC81E-4EF5-442A-8596-9B9161F0CB16}"
	ProjectSection(ProjectDependencies) = postProject
		{F3C63230-F324-440E-97B2-7934B44FD7F4} = {F3C63230-F324-440E-97B2-7934B44FD7F4}
		{CE932DB0-A729-4B0D-A2BE-E835A89764AD} = {CE932DB0-A729-4B0D-A2BE-E835A89764AD}
	EndProjectSection
EndProject
Project("{8BC9CEB8-8B4A-11D0-8D11-00A0C91BC942}") = "cards", "..\..\..\dekware\vc8\cards\cards.vcproj", "{6A3179B8-CC88-47C3-9F33-3D26D79F4724}"
	ProjectSection(ProjectDependencies) = postProject
		{F3C63230-F324-440E-97B2-7934B44FD7F4} = {F3C63230-F324-440E-97B2-7934B44FD7F4}
		{CE932DB0-A729-4B0D-A2BE-E835A89764AD} = {CE932DB0-A729-4B0D-A2BE-E835A89764AD}
	EndProjectSection
EndProject
Project("{8BC9CEB8-8B4A-11D0-8D11-00A0C91BC942}") = "file", "..\..\..\dekware\vc8\file\file.vcproj", "{E8521663-80E4-4932-AFBA-CC5806EC7B3F}"
	ProjectSection(ProjectDependencies) = postProject
		{F3C63230-F324-440E-97B2-7934B44FD7F4} = {F3C63230-F324-440E-97B2-7934B44FD7F4}
		{CE932DB0-A729-4B0D-A2BE-E835A89764AD} = {CE932DB0-A729-4B0D-A2BE-E835A89764AD}
	EndProjectSection
EndProject
Project("{8BC9CEB8-8B4A-11D0-8D11-00A0C91BC942}") = "spider", "..\..\..\dekware\vc8\spider\spider.vcproj", "{F60B0A44-86B2-4AF4-888E-52150BC77509}"
	ProjectSection(ProjectDependencies) = postProject
		{F3C63230-F324-440E-97B2-7934B44FD7F4} = {F3C63230-F324-440E-97B2-7934B44FD7F4}
		{CE932DB0-A729-4B0D-A2BE-E835A89764AD} = {CE932DB0-A729-4B0D-A2BE-E835A89764AD}
	EndProjectSection
EndProject
Project("{8BC9CEB8-8B4A-11D0-8D11-00A0C91BC942}") = "filter.nil", "..\..\..\dekware\vc8\filters\nil\filter.nil.vcproj", "{2B512DA7-1F63-473A-8951-72F6CD772434}"
	ProjectSection(ProjectDependencies) = postProject
		{F3C63230-F324-440E-97B2-7934B44FD7F4} = {F3C63230-F324-440E-97B2-7934B44FD7F4}
		{CE932DB0-A729-4B0D-A2BE-E835A89764AD} = {CE932DB0-A729-4B0D-A2BE-E835A89764AD}
	EndProjectSection
EndProject
Project("{8BC9CEB8-8B4A-11D0-8D11-00A0C91BC942}") = "system", "..\..\..\dekware\vc8\system\system.vcproj", "{B2AF9004-6EBB-4C3C-A3A1-D624451C0217}"
	ProjectSection(ProjectDependencies) = postProject
		{F3C63230-F324-440E-97B2-7934B44FD7F4} = {F3C63230-F324-440E-97B2-7934B44FD7F4}
		{CE932DB0-A729-4B0D-A2BE-E835A89764AD} = {CE932DB0-A729-4B0D-A2BE-E835A89764AD}
	EndProjectSection
EndProject
Project("{8BC9CEB8-8B4A-11D0-8D11-00A0C91BC942}") = "odbc", "..\..\..\dekware\vc8\odbc\odbc.vcproj", "{5454FC8F-F032-4819-80F1-5C2F23A04B50}"
	ProjectSection(ProjectDependencies) = postProject
		{F3C63230-F324-440E-97B2-7934B44FD7F4} = {F3C63230-F324-440E-97B2-7934B44FD7F4}
		{CE932DB0-A729-4B0D-A2BE-E835A89764AD} = {CE932DB0-A729-4B0D-A2BE-E835A89764AD}
	EndProjectSection
EndProject
Project("{8BC9CEB8-8B4A-11D0-8D11-00A0C91BC942}") = "psicon", "..\..\..\dekware\vc8\psicon\psicon.vcproj", "{0085BD21-90A6-4144-BF9F-EA8030BA791E}"
	ProjectSection(ProjectDependencies) = postProject
		{F3C63230-F324-440E-97B2-7934B44FD7F4} = {F3C63230-F324-440E-97B2-7934B44FD7F4}
		{519E464F-CDBE-4656-B56C-1C996EE2D973} = {519E464F-CDBE-4656-B56C-1C996EE2D973}
		{CE932DB0-A729-4B0D-A2BE-E835A89764AD} = {CE932DB0-A729-4B0D-A2BE-E835A89764AD}
	EndProjectSection
EndProject
Project("{8BC9CEB8-8B4A-11D0-8D11-00A0C91BC942}") = "concore", "..\..\..\dekware\vc8\psicon\concore.vcproj", "{519E464F-CDBE-4656-B56C-1C996EE2D973}"
	ProjectSection(ProjectDependencies) = postProject
		{F3C63230-F324-440E-97B2-7934B44FD7F4} = {F3C63230-F324-440E-97B2-7934B44FD7F4}
		{CE932DB0-A729-4B0D-A2BE-E835A89764AD} = {CE932DB0-A729-4B0D-A2BE-E835A89764AD}
	EndProjectSection
EndProject
Project("{8BC9CEB8-8B4A-11D0-8D11-00A0C91BC942}") = "filter.debug", "..\..\..\dekware\vc8\filters\examine\filter.debug.vcproj", "{7847656F-F0C9-40B9-A046-7FCC354C0FD8}"
	ProjectSection(ProjectDependencies) = postProject
		{F3C63230-F324-440E-97B2-7934B44FD7F4} = {F3C63230-F324-440E-97B2-7934B44FD7F4}
		{CE932DB0-A729-4B0D-A2BE-E835A89764AD} = {CE932DB0-A729-4B0D-A2BE-E835A89764AD}
	EndProjectSection
EndProject
Project("{8BC9CEB8-8B4A-11D0-8D11-00A0C91BC942}") = "wincon", "..\..\..\dekware\vc8\psicon\wincon.vcproj", "{DDD00787-3BE4-4330-8EE6-5BF183BF7E73}"
	ProjectSection(ProjectDependencies) = postProject
		{F3C63230-F324-440E-97B2-7934B44FD7F4} = {F3C63230-F324-440E-97B2-7934B44FD7F4}
		{519E464F-CDBE-4656-B56C-1C996EE2D973} = {519E464F-CDBE-4656-B56C-1C996EE2D973}
		{CE932DB0-A729-4B0D-A2BE-E835A89764AD} = {CE932DB0-A729-4B0D-A2BE-E835A89764AD}
	EndProjectSection
EndProject
Project("{8BC9CEB8-8B4A-11D0-8D11-00A0C91BC942}") = "dialog", "..\..\..\dekware\vc8\dialog\dialog.vcproj", "{738867FC-C4F9-4466-9A08-10C4EF3CBC64}"
	ProjectSection(ProjectDependencies) = postProject
		{F3C63230-F324-440E-97B2-7934B44FD7F4} = {F3C63230-F324-440E-97B2-7934B44FD7F4}
		{CE932DB0-A729-4B0D-A2BE-E835A89764AD} = {CE932DB0-A729-4B0D-A2BE-E835A89764AD}
	EndProjectSection
EndProject
Project("{8BC9CEB8-8B4A-11D0-8D11-00A0C91BC942}") = "filter.http", "..\..\..\dekware\vc8\filters\http\filter.http.vcproj", "{4C9A8E68-BCA3-4B4D-A010-D237D0434D4A}"
	ProjectSection(ProjectDependencies) = postProject
		{F3C63230-F324-440E-97B2-7934B44FD7F4} = {F3C63230-F324-440E-97B2-7934B44FD7F4}
		{CE932DB0-A729-4B0D-A2BE-E835A89764AD} = {CE932DB0-A729-4B0D-A2BE-E835A89764AD}
	EndProjectSection
EndProject
Project("{8BC9CEB8-8B4A-11D0-8D11-00A0C91BC942}") = "runner", "..\..\..\dekware\vc8\runner\runner.vcproj", "{B3B5A2AE-BB6C-4B90-92E8-5F580AE5B7BC}"
	ProjectSection(ProjectDependencies) = postProject
		{CE932DB0-A729-4B0D-A2BE-E835A89764AD} = {CE932DB0-A729-4B0D-A2BE-E835A89764AD}
	EndProjectSection
EndProject
Project("{2150E333-8FDC-42A3-9474-1A3956D46DE8}") = "Dekware", "Dekware", "{77D94C4B-A48D-4416-8B32-781BD8503C9E}"
EndProject
Project("{2150E333-8FDC-42A3-9474-1A3956D46DE8}") = "filters", "filters", "{18A489CF-D217-49C7-944E-5FEEEC28572F}"
EndProject
Project("{2150E333-8FDC-42A3-9474-1A3956D46DE8}") = "Misc Plugins", "Misc Plugins", "{3811C22D-D26C-4C6C-8395-D8E294AA3D13}"
EndProject
Project("{2150E333-8FDC-42A3-9474-1A3956D46DE8}") = "Brains", "Brains", "{106EE6D5-5AAF-4FBD-95FC-D72E72755B96}"
EndProject
Project("{2150E333-8FDC-42A3-9474-1A3956D46DE8}") = "Flatland", "Flatland", "{A9A780AF-1B44-41B2-9DF6-DDF609BB68F3}"
EndProject
Project("{8BC9CEB8-8B4A-11D0-8D11-00A0C91BC942}") = "flatland", "..\..\flatland\client\edit\vc8\flatland.vcproj", "{E31F9A10-95B9-48DC-BD62-637BE16423E7}"
	ProjectSection(ProjectDependencies) = postProject
		{E1FE3431-C78C-4919-BC24-5F974031A302} = {E1FE3431-C78C-4919-BC24-5F974031A302}
		{5A840C6C-1445-4880-98DC-8DCBB23C90B4} = {5A840C6C-1445-4880-98DC-8DCBB23C90B4}
		{CE932DB0-A729-4B0D-A2BE-E835A89764AD} = {CE932DB0-A729-4B0D-A2BE-E835A89764AD}
		{A04714B3-1B07-4FAC-B76E-5F8E89F6AF30} = {A04714B3-1B07-4FAC-B76E-5F8E89F6AF30}
	EndProjectSection
EndProject
Project("{2150E333-8FDC-42A3-9474-1A3956D46DE8}") = "User Interfaces", "User Interfaces", "{36170EA5-C3A4-4029-A7BE-55597EC929FE}"
EndProject
Project("{8BC9CEB8-8B4A-11D0-8D11-00A0C91BC942}") = "world_scape_client", "..\..\flatland\world\scape\vc8\world_scape_client.vcproj", "{A04714B3-1B07-4FAC-B76E-5F8E89F6AF30}"
	ProjectSection(ProjectDependencies) = postProject
		{CE932DB0-A729-4B0D-A2BE-E835A89764AD} = {CE932DB0-A729-4B0D-A2BE-E835A89764AD}
	EndProjectSection
EndProject
Project("{8BC9CEB8-8B4A-11D0-8D11-00A0C91BC942}") = "world_scape_server", "..\..\flatland\world\scape\vc8\world_scape_server.vcproj", "{E1FE3431-C78C-4919-BC24-5F974031A302}"
	ProjectSection(ProjectDependencies) = postProject
		{CE932DB0-A729-4B0D-A2BE-E835A89764AD} = {CE932DB0-A729-4B0D-A2BE-E835A89764AD}
	EndProjectSection
EndProject
Project("{2150E333-8FDC-42A3-9474-1A3956D46DE8}") = "PSI Simple Projects", "PSI Simple Projects", "{D1B51905-7770-4C2C-9A4B-4912F18F5EDB}"
EndProject
Project("{8BC9CEB8-8B4A-11D0-8D11-00A0C91BC942}") = "listbox", "..\..\..\sack\vc8\simple\listbox\listbox.vcproj", "{3BF81A2C-8FEC-49F8-9BCF-D1FEDF10ACBE}"
	ProjectSection(ProjectDependencies) = postProject
		{CE932DB0-A729-4B0D-A2BE-E835A89764AD} = {CE932DB0-A729-4B0D-A2BE-E835A89764AD}
	EndProjectSection
EndProject
Project("{8BC9CEB8-8B4A-11D0-8D11-00A0C91BC942}") = "ChainReact", "..\ChainReact\ChainReact.vcproj", "{A2D5A597-BDA6-4328-9C15-A777BC6B346B}"
	ProjectSection(ProjectDependencies) = postProject
		{CE932DB0-A729-4B0D-A2BE-E835A89764AD} = {CE932DB0-A729-4B0D-A2BE-E835A89764AD}
	EndProjectSection
EndProject
Project("{8BC9CEB8-8B4A-11D0-8D11-00A0C91BC942}") = "service_discovery", "..\service_discovery\service_discovery.vcproj", "{A0FCEF70-53FE-46C6-9F94-BC87E3630460}"
	ProjectSection(ProjectDependencies) = postProject
		{CE932DB0-A729-4B0D-A2BE-E835A89764AD} = {CE932DB0-A729-4B0D-A2BE-E835A89764AD}
	EndProjectSection
EndProject
Project("{8BC9CEB8-8B4A-11D0-8D11-00A0C91BC942}") = "evolver", "..\evolver\evolver.vcproj", "{5DC277FC-791F-49D3-8E44-D5E3F53C2E4B}"
	ProjectSection(ProjectDependencies) = postProject
		{A0575529-0007-4619-90BD-8ABA6D0AC234} = {A0575529-0007-4619-90BD-8ABA6D0AC234}
		{49288A7D-E44E-4EE8-83CE-2A7CBB9D5786} = {49288A7D-E44E-4EE8-83CE-2A7CBB9D5786}
		{CE932DB0-A729-4B0D-A2BE-E835A89764AD} = {CE932DB0-A729-4B0D-A2BE-E835A89764AD}
	EndProjectSection
EndProject
Global
	GlobalSection(SolutionConfigurationPlatforms) = preSolution
		Debug C++|Win32 = Debug C++|Win32
		Debug Console|Win32 = Debug Console|Win32
		Debug|Win32 = Debug|Win32
		Release Console|Win32 = Release Console|Win32
		Release|Win32 = Release|Win32
	EndGlobalSection
	GlobalSection(ProjectConfigurationPlatforms) = postSolution
		{906A5C89-92F6-4C16-9A9E-4CEB7E431AD5}.Debug C++|Win32.ActiveCfg = Debug C++|Win32
		{906A5C89-92F6-4C16-9A9E-4CEB7E431AD5}.Debug C++|Win32.Build.0 = Debug C++|Win32
		{906A5C89-92F6-4C16-9A9E-4CEB7E431AD5}.Debug Console|Win32.ActiveCfg = Debug|Win32
		{906A5C89-92F6-4C16-9A9E-4CEB7E431AD5}.Debug Console|Win32.Build.0 = Debug|Win32
		{906A5C89-92F6-4C16-9A9E-4CEB7E431AD5}.Debug|Win32.ActiveCfg = Debug|Win32
		{906A5C89-92F6-4C16-9A9E-4CEB7E431AD5}.Release Console|Win32.ActiveCfg = Release|Win32
		{906A5C89-92F6-4C16-9A9E-4CEB7E431AD5}.Release Console|Win32.Build.0 = Release|Win32
		{906A5C89-92F6-4C16-9A9E-4CEB7E431AD5}.Release|Win32.ActiveCfg = Debug|Win32
		{906A5C89-92F6-4C16-9A9E-4CEB7E431AD5}.Release|Win32.Build.0 = Debug|Win32
		{5A840C6C-1445-4880-98DC-8DCBB23C90B4}.Debug C++|Win32.ActiveCfg = Debug C++|Win32
		{5A840C6C-1445-4880-98DC-8DCBB23C90B4}.Debug C++|Win32.Build.0 = Debug C++|Win32
		{5A840C6C-1445-4880-98DC-8DCBB23C90B4}.Debug Console|Win32.ActiveCfg = Debug|Win32
		{5A840C6C-1445-4880-98DC-8DCBB23C90B4}.Debug Console|Win32.Build.0 = Debug|Win32
		{5A840C6C-1445-4880-98DC-8DCBB23C90B4}.Debug|Win32.ActiveCfg = Debug|Win32
		{5A840C6C-1445-4880-98DC-8DCBB23C90B4}.Release Console|Win32.ActiveCfg = Release|Win32
		{5A840C6C-1445-4880-98DC-8DCBB23C90B4}.Release Console|Win32.Build.0 = Release|Win32
		{5A840C6C-1445-4880-98DC-8DCBB23C90B4}.Release|Win32.ActiveCfg = Debug|Win32
		{5A840C6C-1445-4880-98DC-8DCBB23C90B4}.Release|Win32.Build.0 = Debug|Win32
		{A0575529-0007-4619-90BD-8ABA6D0AC234}.Debug C++|Win32.ActiveCfg = Debug C++|Win32
		{A0575529-0007-4619-90BD-8ABA6D0AC234}.Debug C++|Win32.Build.0 = Debug C++|Win32
		{A0575529-0007-4619-90BD-8ABA6D0AC234}.Debug Console|Win32.ActiveCfg = Debug|Win32
		{A0575529-0007-4619-90BD-8ABA6D0AC234}.Debug Console|Win32.Build.0 = Debug|Win32
		{A0575529-0007-4619-90BD-8ABA6D0AC234}.Debug|Win32.ActiveCfg = Debug|Win32
		{A0575529-0007-4619-90BD-8ABA6D0AC234}.Release Console|Win32.ActiveCfg = Release|Win32
		{A0575529-0007-4619-90BD-8ABA6D0AC234}.Release Console|Win32.Build.0 = Release|Win32
		{A0575529-0007-4619-90BD-8ABA6D0AC234}.Release|Win32.ActiveCfg = Debug|Win32
		{A0575529-0007-4619-90BD-8ABA6D0AC234}.Release|Win32.Build.0 = Debug|Win32
		{49288A7D-E44E-4EE8-83CE-2A7CBB9D5786}.Debug C++|Win32.ActiveCfg = Debug C++|Win32
		{49288A7D-E44E-4EE8-83CE-2A7CBB9D5786}.Debug C++|Win32.Build.0 = Debug C++|Win32
		{49288A7D-E44E-4EE8-83CE-2A7CBB9D5786}.Debug Console|Win32.ActiveCfg = Debug|Win32
		{49288A7D-E44E-4EE8-83CE-2A7CBB9D5786}.Debug Console|Win32.Build.0 = Debug|Win32
		{49288A7D-E44E-4EE8-83CE-2A7CBB9D5786}.Debug|Win32.ActiveCfg = Debug|Win32
		{49288A7D-E44E-4EE8-83CE-2A7CBB9D5786}.Release Console|Win32.ActiveCfg = Release|Win32
		{49288A7D-E44E-4EE8-83CE-2A7CBB9D5786}.Release Console|Win32.Build.0 = Release|Win32
		{49288A7D-E44E-4EE8-83CE-2A7CBB9D5786}.Release|Win32.ActiveCfg = Debug|Win32
		{49288A7D-E44E-4EE8-83CE-2A7CBB9D5786}.Release|Win32.Build.0 = Debug|Win32
		{CE932DB0-A729-4B0D-A2BE-E835A89764AD}.Debug C++|Win32.ActiveCfg = Debug C++|Win32
		{CE932DB0-A729-4B0D-A2BE-E835A89764AD}.Debug C++|Win32.Build.0 = Debug C++|Win32
		{CE932DB0-A729-4B0D-A2BE-E835A89764AD}.Debug Console|Win32.ActiveCfg = Debug C++|Win32
		{CE932DB0-A729-4B0D-A2BE-E835A89764AD}.Debug Console|Win32.Build.0 = Debug C++|Win32
		{CE932DB0-A729-4B0D-A2BE-E835A89764AD}.Debug|Win32.ActiveCfg = Debug|Win32
		{CE932DB0-A729-4B0D-A2BE-E835A89764AD}.Debug|Win32.Build.0 = Debug|Win32
		{CE932DB0-A729-4B0D-A2BE-E835A89764AD}.Release Console|Win32.ActiveCfg = Release|Win32
		{CE932DB0-A729-4B0D-A2BE-E835A89764AD}.Release Console|Win32.Build.0 = Release|Win32
		{CE932DB0-A729-4B0D-A2BE-E835A89764AD}.Release|Win32.ActiveCfg = Debug|Win32
		{CE932DB0-A729-4B0D-A2BE-E835A89764AD}.Release|Win32.Build.0 = Debug|Win32
		{FBA7BC18-CFC3-4B00-B1DE-6048024290C9}.Debug C++|Win32.ActiveCfg = Debug C++|Win32
		{FBA7BC18-CFC3-4B00-B1DE-6048024290C9}.Debug C++|Win32.Build.0 = Debug C++|Win32
		{FBA7BC18-CFC3-4B00-B1DE-6048024290C9}.Debug Console|Win32.ActiveCfg = Debug|Win32
		{FBA7BC18-CFC3-4B00-B1DE-6048024290C9}.Debug Console|Win32.Build.0 = Debug|Win32
		{FBA7BC18-CFC3-4B00-B1DE-6048024290C9}.Debug|Win32.ActiveCfg = Debug|Win32
		{FBA7BC18-CFC3-4B00-B1DE-6048024290C9}.Debug|Win32.Build.0 = Debug|Win32
		{FBA7BC18-CFC3-4B00-B1DE-6048024290C9}.Release Console|Win32.ActiveCfg = Release|Win32
		{FBA7BC18-CFC3-4B00-B1DE-6048024290C9}.Release Console|Win32.Build.0 = Release|Win32
		{FBA7BC18-CFC3-4B00-B1DE-6048024290C9}.Release|Win32.ActiveCfg = Debug|Win32
		{FBA7BC18-CFC3-4B00-B1DE-6048024290C9}.Release|Win32.Build.0 = Debug|Win32
		{154291D3-1AC5-4558-8B74-11C7AC29547E}.Debug C++|Win32.ActiveCfg = Debug C++|Win32
		{154291D3-1AC5-4558-8B74-11C7AC29547E}.Debug C++|Win32.Build.0 = Debug C++|Win32
		{154291D3-1AC5-4558-8B74-11C7AC29547E}.Debug Console|Win32.ActiveCfg = Debug|Win32
		{154291D3-1AC5-4558-8B74-11C7AC29547E}.Debug Console|Win32.Build.0 = Debug|Win32
		{154291D3-1AC5-4558-8B74-11C7AC29547E}.Debug|Win32.ActiveCfg = Debug|Win32
		{154291D3-1AC5-4558-8B74-11C7AC29547E}.Debug|Win32.Build.0 = Debug|Win32
		{154291D3-1AC5-4558-8B74-11C7AC29547E}.Release Console|Win32.ActiveCfg = Release|Win32
		{154291D3-1AC5-4558-8B74-11C7AC29547E}.Release Console|Win32.Build.0 = Release|Win32
		{154291D3-1AC5-4558-8B74-11C7AC29547E}.Release|Win32.ActiveCfg = Debug|Win32
		{154291D3-1AC5-4558-8B74-11C7AC29547E}.Release|Win32.Build.0 = Debug|Win32
		{D3610202-5066-4D18-B029-D6346DAF5A52}.Debug C++|Win32.ActiveCfg = Debug|Win32
		{D3610202-5066-4D18-B029-D6346DAF5A52}.Debug Console|Win32.ActiveCfg = Debug|Win32
		{D3610202-5066-4D18-B029-D6346DAF5A52}.Debug Console|Win32.Build.0 = Debug|Win32
		{D3610202-5066-4D18-B029-D6346DAF5A52}.Debug|Win32.ActiveCfg = Debug|Win32
		{D3610202-5066-4D18-B029-D6346DAF5A52}.Debug|Win32.Build.0 = Debug|Win32
		{D3610202-5066-4D18-B029-D6346DAF5A52}.Release Console|Win32.ActiveCfg = Release|Win32
		{D3610202-5066-4D18-B029-D6346DAF5A52}.Release Console|Win32.Build.0 = Release|Win32
		{D3610202-5066-4D18-B029-D6346DAF5A52}.Release|Win32.ActiveCfg = Debug|Win32
		{D3610202-5066-4D18-B029-D6346DAF5A52}.Release|Win32.Build.0 = Debug|Win32
		{494A9C97-9B0A-41A7-9463-2FDBE9314C50}.Debug C++|Win32.ActiveCfg = Debug|Win32
		{494A9C97-9B0A-41A7-9463-2FDBE9314C50}.Debug Console|Win32.ActiveCfg = Debug|Win32
		{494A9C97-9B0A-41A7-9463-2FDBE9314C50}.Debug Console|Win32.Build.0 = Debug|Win32
		{494A9C97-9B0A-41A7-9463-2FDBE9314C50}.Debug|Win32.ActiveCfg = Debug|Win32
		{494A9C97-9B0A-41A7-9463-2FDBE9314C50}.Debug|Win32.Build.0 = Debug|Win32
		{494A9C97-9B0A-41A7-9463-2FDBE9314C50}.Release Console|Win32.ActiveCfg = Release|Win32
		{494A9C97-9B0A-41A7-9463-2FDBE9314C50}.Release Console|Win32.Build.0 = Release|Win32
		{494A9C97-9B0A-41A7-9463-2FDBE9314C50}.Release|Win32.ActiveCfg = Debug|Win32
		{494A9C97-9B0A-41A7-9463-2FDBE9314C50}.Release|Win32.Build.0 = Debug|Win32
		{0119CD87-8427-4EC9-8CAE-78A9F6E38A7D}.Debug C++|Win32.ActiveCfg = Debug C++|Win32
		{0119CD87-8427-4EC9-8CAE-78A9F6E38A7D}.Debug C++|Win32.Build.0 = Debug C++|Win32
		{0119CD87-8427-4EC9-8CAE-78A9F6E38A7D}.Debug Console|Win32.ActiveCfg = Debug|Win32
		{0119CD87-8427-4EC9-8CAE-78A9F6E38A7D}.Debug Console|Win32.Build.0 = Debug|Win32
		{0119CD87-8427-4EC9-8CAE-78A9F6E38A7D}.Debug|Win32.ActiveCfg = Debug|Win32
		{0119CD87-8427-4EC9-8CAE-78A9F6E38A7D}.Release Console|Win32.ActiveCfg = Release|Win32
		{0119CD87-8427-4EC9-8CAE-78A9F6E38A7D}.Release Console|Win32.Build.0 = Release|Win32
		{0119CD87-8427-4EC9-8CAE-78A9F6E38A7D}.Release|Win32.ActiveCfg = Debug|Win32
		{0119CD87-8427-4EC9-8CAE-78A9F6E38A7D}.Release|Win32.Build.0 = Debug|Win32
		{F3C63230-F324-440E-97B2-7934B44FD7F4}.Debug C++|Win32.ActiveCfg = Debug C++|Win32
		{F3C63230-F324-440E-97B2-7934B44FD7F4}.Debug C++|Win32.Build.0 = Debug C++|Win32
		{F3C63230-F324-440E-97B2-7934B44FD7F4}.Debug Console|Win32.ActiveCfg = Debug|Win32
		{F3C63230-F324-440E-97B2-7934B44FD7F4}.Debug Console|Win32.Build.0 = Debug|Win32
		{F3C63230-F324-440E-97B2-7934B44FD7F4}.Debug|Win32.ActiveCfg = Debug|Win32
		{F3C63230-F324-440E-97B2-7934B44FD7F4}.Debug|Win32.Build.0 = Debug|Win32
		{F3C63230-F324-440E-97B2-7934B44FD7F4}.Release Console|Win32.ActiveCfg = Release|Win32
		{F3C63230-F324-440E-97B2-7934B44FD7F4}.Release Console|Win32.Build.0 = Release|Win32
		{F3C63230-F324-440E-97B2-7934B44FD7F4}.Release|Win32.ActiveCfg = Debug|Win32
		{F3C63230-F324-440E-97B2-7934B44FD7F4}.Release|Win32.Build.0 = Debug|Win32
		{1794C5C0-CC10-401C-BAF3-CFC43A6D8E96}.Debug C++|Win32.ActiveCfg = Debug C++|Win32
		{1794C5C0-CC10-401C-BAF3-CFC43A6D8E96}.Debug C++|Win32.Build.0 = Debug C++|Win32
		{1794C5C0-CC10-401C-BAF3-CFC43A6D8E96}.Debug Console|Win32.ActiveCfg = Debug|Win32
		{1794C5C0-CC10-401C-BAF3-CFC43A6D8E96}.Debug Console|Win32.Build.0 = Debug|Win32
		{1794C5C0-CC10-401C-BAF3-CFC43A6D8E96}.Debug|Win32.ActiveCfg = Debug|Win32
		{1794C5C0-CC10-401C-BAF3-CFC43A6D8E96}.Debug|Win32.Build.0 = Debug|Win32
		{1794C5C0-CC10-401C-BAF3-CFC43A6D8E96}.Release Console|Win32.ActiveCfg = Release|Win32
		{1794C5C0-CC10-401C-BAF3-CFC43A6D8E96}.Release Console|Win32.Build.0 = Release|Win32
		{1794C5C0-CC10-401C-BAF3-CFC43A6D8E96}.Release|Win32.ActiveCfg = Debug|Win32
		{1794C5C0-CC10-401C-BAF3-CFC43A6D8E96}.Release|Win32.Build.0 = Debug|Win32
		{8EE1532E-168A-4811-B8EB-731454E2DEEC}.Debug C++|Win32.ActiveCfg = Debug C++|Win32
		{8EE1532E-168A-4811-B8EB-731454E2DEEC}.Debug C++|Win32.Build.0 = Debug C++|Win32
		{8EE1532E-168A-4811-B8EB-731454E2DEEC}.Debug Console|Win32.ActiveCfg = Debug|Win32
		{8EE1532E-168A-4811-B8EB-731454E2DEEC}.Debug Console|Win32.Build.0 = Debug|Win32
		{8EE1532E-168A-4811-B8EB-731454E2DEEC}.Debug|Win32.ActiveCfg = Debug|Win32
		{8EE1532E-168A-4811-B8EB-731454E2DEEC}.Debug|Win32.Build.0 = Debug|Win32
		{8EE1532E-168A-4811-B8EB-731454E2DEEC}.Release Console|Win32.ActiveCfg = Release|Win32
		{8EE1532E-168A-4811-B8EB-731454E2DEEC}.Release Console|Win32.Build.0 = Release|Win32
		{8EE1532E-168A-4811-B8EB-731454E2DEEC}.Release|Win32.ActiveCfg = Debug|Win32
		{8EE1532E-168A-4811-B8EB-731454E2DEEC}.Release|Win32.Build.0 = Debug|Win32
		{B91FFE03-7BF9-49A2-A3CD-447A4A90E0C7}.Debug C++|Win32.ActiveCfg = Debug C++|Win32
		{B91FFE03-7BF9-49A2-A3CD-447A4A90E0C7}.Debug C++|Win32.Build.0 = Debug C++|Win32
		{B91FFE03-7BF9-49A2-A3CD-447A4A90E0C7}.Debug Console|Win32.ActiveCfg = Debug|Win32
		{B91FFE03-7BF9-49A2-A3CD-447A4A90E0C7}.Debug Console|Win32.Build.0 = Debug|Win32
		{B91FFE03-7BF9-49A2-A3CD-447A4A90E0C7}.Debug|Win32.ActiveCfg = Debug|Win32
		{B91FFE03-7BF9-49A2-A3CD-447A4A90E0C7}.Debug|Win32.Build.0 = Debug|Win32
		{B91FFE03-7BF9-49A2-A3CD-447A4A90E0C7}.Release Console|Win32.ActiveCfg = Release|Win32
		{B91FFE03-7BF9-49A2-A3CD-447A4A90E0C7}.Release Console|Win32.Build.0 = Release|Win32
		{B91FFE03-7BF9-49A2-A3CD-447A4A90E0C7}.Release|Win32.ActiveCfg = Debug|Win32
		{B91FFE03-7BF9-49A2-A3CD-447A4A90E0C7}.Release|Win32.Build.0 = Debug|Win32
		{413EDE4D-7F9C-4637-894D-05259C784E74}.Debug C++|Win32.ActiveCfg = Debug C++|Win32
		{413EDE4D-7F9C-4637-894D-05259C784E74}.Debug C++|Win32.Build.0 = Debug C++|Win32
		{413EDE4D-7F9C-4637-894D-05259C784E74}.Debug Console|Win32.ActiveCfg = Debug|Win32
		{413EDE4D-7F9C-4637-894D-05259C784E74}.Debug Console|Win32.Build.0 = Debug|Win32
		{413EDE4D-7F9C-4637-894D-05259C784E74}.Debug|Win32.ActiveCfg = Debug|Win32
		{413EDE4D-7F9C-4637-894D-05259C784E74}.Debug|Win32.Build.0 = Debug|Win32
		{413EDE4D-7F9C-4637-894D-05259C784E74}.Release Console|Win32.ActiveCfg = Release|Win32
		{413EDE4D-7F9C-4637-894D-05259C784E74}.Release Console|Win32.Build.0 = Release|Win32
		{413EDE4D-7F9C-4637-894D-05259C784E74}.Release|Win32.ActiveCfg = Debug|Win32
		{413EDE4D-7F9C-4637-894D-05259C784E74}.Release|Win32.Build.0 = Debug|Win32
		{CD41FCF8-B9EE-4B94-A28D-D979E0EDD81D}.Debug C++|Win32.ActiveCfg = Debug C++|Win32
		{CD41FCF8-B9EE-4B94-A28D-D979E0EDD81D}.Debug C++|Win32.Build.0 = Debug C++|Win32
		{CD41FCF8-B9EE-4B94-A28D-D979E0EDD81D}.Debug Console|Win32.ActiveCfg = Debug|Win32
		{CD41FCF8-B9EE-4B94-A28D-D979E0EDD81D}.Debug Console|Win32.Build.0 = Debug|Win32
		{CD41FCF8-B9EE-4B94-A28D-D979E0EDD81D}.Debug|Win32.ActiveCfg = Debug|Win32
		{CD41FCF8-B9EE-4B94-A28D-D979E0EDD81D}.Debug|Win32.Build.0 = Debug|Win32
		{CD41FCF8-B9EE-4B94-A28D-D979E0EDD81D}.Release Console|Win32.ActiveCfg = Release|Win32
		{CD41FCF8-B9EE-4B94-A28D-D979E0EDD81D}.Release Console|Win32.Build.0 = Release|Win32
		{CD41FCF8-B9EE-4B94-A28D-D979E0EDD81D}.Release|Win32.ActiveCfg = Debug|Win32
		{CD41FCF8-B9EE-4B94-A28D-D979E0EDD81D}.Release|Win32.Build.0 = Debug|Win32
		{0A95A801-35AD-4AD1-B92D-43083FAD0C76}.Debug C++|Win32.ActiveCfg = Debug C++|Win32
		{0A95A801-35AD-4AD1-B92D-43083FAD0C76}.Debug C++|Win32.Build.0 = Debug C++|Win32
		{0A95A801-35AD-4AD1-B92D-43083FAD0C76}.Debug Console|Win32.ActiveCfg = Debug|Win32
		{0A95A801-35AD-4AD1-B92D-43083FAD0C76}.Debug Console|Win32.Build.0 = Debug|Win32
		{0A95A801-35AD-4AD1-B92D-43083FAD0C76}.Debug|Win32.ActiveCfg = Debug|Win32
		{0A95A801-35AD-4AD1-B92D-43083FAD0C76}.Debug|Win32.Build.0 = Debug|Win32
		{0A95A801-35AD-4AD1-B92D-43083FAD0C76}.Release Console|Win32.ActiveCfg = Release|Win32
		{0A95A801-35AD-4AD1-B92D-43083FAD0C76}.Release Console|Win32.Build.0 = Release|Win32
		{0A95A801-35AD-4AD1-B92D-43083FAD0C76}.Release|Win32.ActiveCfg = Debug|Win32
		{0A95A801-35AD-4AD1-B92D-43083FAD0C76}.Release|Win32.Build.0 = Debug|Win32
		{40B55002-DCC1-4B49-AF7B-59A60C56CD3B}.Debug C++|Win32.ActiveCfg = Debug C++|Win32
		{40B55002-DCC1-4B49-AF7B-59A60C56CD3B}.Debug C++|Win32.Build.0 = Debug C++|Win32
		{40B55002-DCC1-4B49-AF7B-59A60C56CD3B}.Debug Console|Win32.ActiveCfg = Debug|Win32
		{40B55002-DCC1-4B49-AF7B-59A60C56CD3B}.Debug Console|Win32.Build.0 = Debug|Win32
		{40B55002-DCC1-4B49-AF7B-59A60C56CD3B}.Debug|Win32.ActiveCfg = Debug|Win32
		{40B55002-DCC1-4B49-AF7B-59A60C56CD3B}.Debug|Win32.Build.0 = Debug|Win32
		{40B55002-DCC1-4B49-AF7B-59A60C56CD3B}.Release Console|Win32.ActiveCfg = Release|Win32
		{40B55002-DCC1-4B49-AF7B-59A60C56CD3B}.Release Console|Win32.Build.0 = Release|Win32
		{40B55002-DCC1-4B49-AF7B-59A60C56CD3B}.Release|Win32.ActiveCfg = Debug|Win32
		{40B55002-DCC1-4B49-AF7B-59A60C56CD3B}.Release|Win32.Build.0 = Debug|Win32
		{651163EB-8E94-4457-A9A8-80100DD6C479}.Debug C++|Win32.ActiveCfg = Debug C++|Win32
		{651163EB-8E94-4457-A9A8-80100DD6C479}.Debug C++|Win32.Build.0 = Debug C++|Win32
		{651163EB-8E94-4457-A9A8-80100DD6C479}.Debug Console|Win32.ActiveCfg = Debug|Win32
		{651163EB-8E94-4457-A9A8-80100DD6C479}.Debug Console|Win32.Build.0 = Debug|Win32
		{651163EB-8E94-4457-A9A8-80100DD6C479}.Debug|Win32.ActiveCfg = Debug|Win32
		{651163EB-8E94-4457-A9A8-80100DD6C479}.Debug|Win32.Build.0 = Debug|Win32
		{651163EB-8E94-4457-A9A8-80100DD6C479}.Release Console|Win32.ActiveCfg = Release|Win32
		{651163EB-8E94-4457-A9A8-80100DD6C479}.Release Console|Win32.Build.0 = Release|Win32
		{651163EB-8E94-4457-A9A8-80100DD6C479}.Release|Win32.ActiveCfg = Debug|Win32
		{651163EB-8E94-4457-A9A8-80100DD6C479}.Release|Win32.Build.0 = Debug|Win32
		{38DF6FD4-EC19-435F-8B5C-0822ECEC1FFE}.Debug C++|Win32.ActiveCfg = Debug C++|Win32
		{38DF6FD4-EC19-435F-8B5C-0822ECEC1FFE}.Debug C++|Win32.Build.0 = Debug C++|Win32
		{38DF6FD4-EC19-435F-8B5C-0822ECEC1FFE}.Debug Console|Win32.ActiveCfg = Debug|Win32
		{38DF6FD4-EC19-435F-8B5C-0822ECEC1FFE}.Debug Console|Win32.Build.0 = Debug|Win32
		{38DF6FD4-EC19-435F-8B5C-0822ECEC1FFE}.Debug|Win32.ActiveCfg = Debug|Win32
		{38DF6FD4-EC19-435F-8B5C-0822ECEC1FFE}.Debug|Win32.Build.0 = Debug|Win32
		{38DF6FD4-EC19-435F-8B5C-0822ECEC1FFE}.Release Console|Win32.ActiveCfg = Release|Win32
		{38DF6FD4-EC19-435F-8B5C-0822ECEC1FFE}.Release Console|Win32.Build.0 = Release|Win32
		{38DF6FD4-EC19-435F-8B5C-0822ECEC1FFE}.Release|Win32.ActiveCfg = Debug|Win32
		{38DF6FD4-EC19-435F-8B5C-0822ECEC1FFE}.Release|Win32.Build.0 = Debug|Win32
		{96F58931-3820-448E-B762-BABABA626B36}.Debug C++|Win32.ActiveCfg = Debug C++|Win32
		{96F58931-3820-448E-B762-BABABA626B36}.Debug C++|Win32.Build.0 = Debug C++|Win32
		{96F58931-3820-448E-B762-BABABA626B36}.Debug Console|Win32.ActiveCfg = Debug|Win32
		{96F58931-3820-448E-B762-BABABA626B36}.Debug Console|Win32.Build.0 = Debug|Win32
		{96F58931-3820-448E-B762-BABABA626B36}.Debug|Win32.ActiveCfg = Debug|Win32
		{96F58931-3820-448E-B762-BABABA626B36}.Debug|Win32.Build.0 = Debug|Win32
		{96F58931-3820-448E-B762-BABABA626B36}.Release Console|Win32.ActiveCfg = Release|Win32
		{96F58931-3820-448E-B762-BABABA626B36}.Release Console|Win32.Build.0 = Release|Win32
		{96F58931-3820-448E-B762-BABABA626B36}.Release|Win32.ActiveCfg = Debug|Win32
		{96F58931-3820-448E-B762-BABABA626B36}.Release|Win32.Build.0 = Debug|Win32
		{ECBF87C1-1430-448A-9430-27792C37DC36}.Debug C++|Win32.ActiveCfg = Debug C++|Win32
		{ECBF87C1-1430-448A-9430-27792C37DC36}.Debug C++|Win32.Build.0 = Debug C++|Win32
		{ECBF87C1-1430-448A-9430-27792C37DC36}.Debug Console|Win32.ActiveCfg = Debug|Win32
		{ECBF87C1-1430-448A-9430-27792C37DC36}.Debug Console|Win32.Build.0 = Debug|Win32
		{ECBF87C1-1430-448A-9430-27792C37DC36}.Debug|Win32.ActiveCfg = Debug|Win32
		{ECBF87C1-1430-448A-9430-27792C37DC36}.Debug|Win32.Build.0 = Debug|Win32
		{ECBF87C1-1430-448A-9430-27792C37DC36}.Release Console|Win32.ActiveCfg = Release|Win32
		{ECBF87C1-1430-448A-9430-27792C37DC36}.Release Console|Win32.Build.0 = Release|Win32
		{ECBF87C1-1430-448A-9430-27792C37DC36}.Release|Win32.ActiveCfg = Debug|Win32
		{ECBF87C1-1430-448A-9430-27792C37DC36}.Release|Win32.Build.0 = Debug|Win32
		{7D885480-AA83-4379-BCC4-E0CF52498533}.Debug C++|Win32.ActiveCfg = Debug C++|Win32
		{7D885480-AA83-4379-BCC4-E0CF52498533}.Debug C++|Win32.Build.0 = Debug C++|Win32
		{7D885480-AA83-4379-BCC4-E0CF52498533}.Debug Console|Win32.ActiveCfg = Debug|Win32
		{7D885480-AA83-4379-BCC4-E0CF52498533}.Debug Console|Win32.Build.0 = Debug|Win32
		{7D885480-AA83-4379-BCC4-E0CF52498533}.Debug|Win32.ActiveCfg = Debug|Win32
		{7D885480-AA83-4379-BCC4-E0CF52498533}.Debug|Win32.Build.0 = Debug|Win32
		{7D885480-AA83-4379-BCC4-E0CF52498533}.Release Console|Win32.ActiveCfg = Release|Win32
		{7D885480-AA83-4379-BCC4-E0CF52498533}.Release Console|Win32.Build.0 = Release|Win32
		{7D885480-AA83-4379-BCC4-E0CF52498533}.Release|Win32.ActiveCfg = Debug|Win32
		{7D885480-AA83-4379-BCC4-E0CF52498533}.Release|Win32.Build.0 = Debug|Win32
		{4CC364C1-689B-456E-AAC5-61AD07216F6A}.Debug C++|Win32.ActiveCfg = Debug C++|Win32
		{4CC364C1-689B-456E-AAC5-61AD07216F6A}.Debug C++|Win32.Build.0 = Debug C++|Win32
		{4CC364C1-689B-456E-AAC5-61AD07216F6A}.Debug Console|Win32.ActiveCfg = Debug|Win32
		{4CC364C1-689B-456E-AAC5-61AD07216F6A}.Debug Console|Win32.Build.0 = Debug|Win32
		{4CC364C1-689B-456E-AAC5-61AD07216F6A}.Debug|Win32.ActiveCfg = Debug|Win32
		{4CC364C1-689B-456E-AAC5-61AD07216F6A}.Debug|Win32.Build.0 = Debug|Win32
		{4CC364C1-689B-456E-AAC5-61AD07216F6A}.Release Console|Win32.ActiveCfg = Release|Win32
		{4CC364C1-689B-456E-AAC5-61AD07216F6A}.Release Console|Win32.Build.0 = Release|Win32
		{4CC364C1-689B-456E-AAC5-61AD07216F6A}.Release|Win32.ActiveCfg = Debug|Win32
		{4CC364C1-689B-456E-AAC5-61AD07216F6A}.Release|Win32.Build.0 = Debug|Win32
		{539BC81E-4EF5-442A-8596-9B9161F0CB16}.Debug C++|Win32.ActiveCfg = Debug C++|Win32
		{539BC81E-4EF5-442A-8596-9B9161F0CB16}.Debug C++|Win32.Build.0 = Debug C++|Win32
		{539BC81E-4EF5-442A-8596-9B9161F0CB16}.Debug Console|Win32.ActiveCfg = Debug|Win32
		{539BC81E-4EF5-442A-8596-9B9161F0CB16}.Debug Console|Win32.Build.0 = Debug|Win32
		{539BC81E-4EF5-442A-8596-9B9161F0CB16}.Debug|Win32.ActiveCfg = Debug|Win32
		{539BC81E-4EF5-442A-8596-9B9161F0CB16}.Debug|Win32.Build.0 = Debug|Win32
		{539BC81E-4EF5-442A-8596-9B9161F0CB16}.Release Console|Win32.ActiveCfg = Release|Win32
		{539BC81E-4EF5-442A-8596-9B9161F0CB16}.Release Console|Win32.Build.0 = Release|Win32
		{539BC81E-4EF5-442A-8596-9B9161F0CB16}.Release|Win32.ActiveCfg = Debug|Win32
		{539BC81E-4EF5-442A-8596-9B9161F0CB16}.Release|Win32.Build.0 = Debug|Win32
		{6A3179B8-CC88-47C3-9F33-3D26D79F4724}.Debug C++|Win32.ActiveCfg = Debug C++|Win32
		{6A3179B8-CC88-47C3-9F33-3D26D79F4724}.Debug C++|Win32.Build.0 = Debug C++|Win32
		{6A3179B8-CC88-47C3-9F33-3D26D79F4724}.Debug Console|Win32.ActiveCfg = Debug|Win32
		{6A3179B8-CC88-47C3-9F33-3D26D79F4724}.Debug Console|Win32.Build.0 = Debug|Win32
		{6A3179B8-CC88-47C3-9F33-3D26D79F4724}.Debug|Win32.ActiveCfg = Debug|Win32
		{6A3179B8-CC88-47C3-9F33-3D26D79F4724}.Debug|Win32.Build.0 = Debug|Win32
		{6A3179B8-CC88-47C3-9F33-3D26D79F4724}.Release Console|Win32.ActiveCfg = Release|Win32
		{6A3179B8-CC88-47C3-9F33-3D26D79F4724}.Release Console|Win32.Build.0 = Release|Win32
		{6A3179B8-CC88-47C3-9F33-3D26D79F4724}.Release|Win32.ActiveCfg = Debug|Win32
		{6A3179B8-CC88-47C3-9F33-3D26D79F4724}.Release|Win32.Build.0 = Debug|Win32
		{E8521663-80E4-4932-AFBA-CC5806EC7B3F}.Debug C++|Win32.ActiveCfg = Debug C++|Win32
		{E8521663-80E4-4932-AFBA-CC5806EC7B3F}.Debug C++|Win32.Build.0 = Debug C++|Win32
		{E8521663-80E4-4932-AFBA-CC5806EC7B3F}.Debug Console|Win32.ActiveCfg = Debug|Win32
		{E8521663-80E4-4932-AFBA-CC5806EC7B3F}.Debug Console|Win32.Build.0 = Debug|Win32
		{E8521663-80E4-4932-AFBA-CC5806EC7B3F}.Debug|Win32.ActiveCfg = Debug|Win32
		{E8521663-80E4-4932-AFBA-CC5806EC7B3F}.Debug|Win32.Build.0 = Debug|Win32
		{E8521663-80E4-4932-AFBA-CC5806EC7B3F}.Release Console|Win32.ActiveCfg = Release|Win32
		{E8521663-80E4-4932-AFBA-CC5806EC7B3F}.Release Console|Win32.Build.0 = Release|Win32
		{E8521663-80E4-4932-AFBA-CC5806EC7B3F}.Release|Win32.ActiveCfg = Debug|Win32
		{E8521663-80E4-4932-AFBA-CC5806EC7B3F}.Release|Win32.Build.0 = Debug|Win32
		{F60B0A44-86B2-4AF4-888E-52150BC77509}.Debug C++|Win32.ActiveCfg = Debug C++|Win32
		{F60B0A44-86B2-4AF4-888E-52150BC77509}.Debug C++|Win32.Build.0 = Debug C++|Win32
		{F60B0A44-86B2-4AF4-888E-52150BC77509}.Debug Console|Win32.ActiveCfg = Debug|Win32
		{F60B0A44-86B2-4AF4-888E-52150BC77509}.Debug Console|Win32.Build.0 = Debug|Win32
		{F60B0A44-86B2-4AF4-888E-52150BC77509}.Debug|Win32.ActiveCfg = Debug|Win32
		{F60B0A44-86B2-4AF4-888E-52150BC77509}.Debug|Win32.Build.0 = Debug|Win32
		{F60B0A44-86B2-4AF4-888E-52150BC77509}.Release Console|Win32.ActiveCfg = Release|Win32
		{F60B0A44-86B2-4AF4-888E-52150BC77509}.Release Console|Win32.Build.0 = Release|Win32
		{F60B0A44-86B2-4AF4-888E-52150BC77509}.Release|Win32.ActiveCfg = Debug|Win32
		{F60B0A44-86B2-4AF4-888E-52150BC77509}.Release|Win32.Build.0 = Debug|Win32
		{2B512DA7-1F63-473A-8951-72F6CD772434}.Debug C++|Win32.ActiveCfg = Debug C++|Win32
		{2B512DA7-1F63-473A-8951-72F6CD772434}.Debug C++|Win32.Build.0 = Debug C++|Win32
		{2B512DA7-1F63-473A-8951-72F6CD772434}.Debug Console|Win32.ActiveCfg = Debug|Win32
		{2B512DA7-1F63-473A-8951-72F6CD772434}.Debug Console|Win32.Build.0 = Debug|Win32
		{2B512DA7-1F63-473A-8951-72F6CD772434}.Debug|Win32.ActiveCfg = Debug|Win32
		{2B512DA7-1F63-473A-8951-72F6CD772434}.Debug|Win32.Build.0 = Debug|Win32
		{2B512DA7-1F63-473A-8951-72F6CD772434}.Release Console|Win32.ActiveCfg = Release|Win32
		{2B512DA7-1F63-473A-8951-72F6CD772434}.Release Console|Win32.Build.0 = Release|Win32
		{2B512DA7-1F63-473A-8951-72F6CD772434}.Release|Win32.ActiveCfg = Debug|Win32
		{2B512DA7-1F63-473A-8951-72F6CD772434}.Release|Win32.Build.0 = Debug|Win32
		{B2AF9004-6EBB-4C3C-A3A1-D624451C0217}.Debug C++|Win32.ActiveCfg = Debug C++|Win32
		{B2AF9004-6EBB-4C3C-A3A1-D624451C0217}.Debug C++|Win32.Build.0 = Debug C++|Win32
		{B2AF9004-6EBB-4C3C-A3A1-D624451C0217}.Debug Console|Win32.ActiveCfg = Debug|Win32
		{B2AF9004-6EBB-4C3C-A3A1-D624451C0217}.Debug Console|Win32.Build.0 = Debug|Win32
		{B2AF9004-6EBB-4C3C-A3A1-D624451C0217}.Debug|Win32.ActiveCfg = Debug|Win32
		{B2AF9004-6EBB-4C3C-A3A1-D624451C0217}.Debug|Win32.Build.0 = Debug|Win32
		{B2AF9004-6EBB-4C3C-A3A1-D624451C0217}.Release Console|Win32.ActiveCfg = Release|Win32
		{B2AF9004-6EBB-4C3C-A3A1-D624451C0217}.Release Console|Win32.Build.0 = Release|Win32
		{B2AF9004-6EBB-4C3C-A3A1-D624451C0217}.Release|Win32.ActiveCfg = Debug|Win32
		{B2AF9004-6EBB-4C3C-A3A1-D624451C0217}.Release|Win32.Build.0 = Debug|Win32
		{5454FC8F-F032-4819-80F1-5C2F23A04B50}.Debug C++|Win32.ActiveCfg = Debug C++|Win32
		{5454FC8F-F032-4819-80F1-5C2F23A04B50}.Debug C++|Win32.Build.0 = Debug C++|Win32
		{5454FC8F-F032-4819-80F1-5C2F23A04B50}.Debug Console|Win32.ActiveCfg = Debug|Win32
		{5454FC8F-F032-4819-80F1-5C2F23A04B50}.Debug Console|Win32.Build.0 = Debug|Win32
		{5454FC8F-F032-4819-80F1-5C2F23A04B50}.Debug|Win32.ActiveCfg = Debug|Win32
		{5454FC8F-F032-4819-80F1-5C2F23A04B50}.Debug|Win32.Build.0 = Debug|Win32
		{5454FC8F-F032-4819-80F1-5C2F23A04B50}.Release Console|Win32.ActiveCfg = Release|Win32
		{5454FC8F-F032-4819-80F1-5C2F23A04B50}.Release Console|Win32.Build.0 = Release|Win32
		{5454FC8F-F032-4819-80F1-5C2F23A04B50}.Release|Win32.ActiveCfg = Debug|Win32
		{5454FC8F-F032-4819-80F1-5C2F23A04B50}.Release|Win32.Build.0 = Debug|Win32
		{0085BD21-90A6-4144-BF9F-EA8030BA791E}.Debug C++|Win32.ActiveCfg = Debug C++|Win32
		{0085BD21-90A6-4144-BF9F-EA8030BA791E}.Debug C++|Win32.Build.0 = Debug C++|Win32
		{0085BD21-90A6-4144-BF9F-EA8030BA791E}.Debug Console|Win32.ActiveCfg = Debug|Win32
		{0085BD21-90A6-4144-BF9F-EA8030BA791E}.Debug Console|Win32.Build.0 = Debug|Win32
		{0085BD21-90A6-4144-BF9F-EA8030BA791E}.Debug|Win32.ActiveCfg = Debug|Win32
		{0085BD21-90A6-4144-BF9F-EA8030BA791E}.Release Console|Win32.ActiveCfg = Release|Win32
		{0085BD21-90A6-4144-BF9F-EA8030BA791E}.Release Console|Win32.Build.0 = Release|Win32
		{0085BD21-90A6-4144-BF9F-EA8030BA791E}.Release|Win32.ActiveCfg = Debug|Win32
		{0085BD21-90A6-4144-BF9F-EA8030BA791E}.Release|Win32.Build.0 = Debug|Win32
		{519E464F-CDBE-4656-B56C-1C996EE2D973}.Debug C++|Win32.ActiveCfg = Debug C++|Win32
		{519E464F-CDBE-4656-B56C-1C996EE2D973}.Debug C++|Win32.Build.0 = Debug C++|Win32
		{519E464F-CDBE-4656-B56C-1C996EE2D973}.Debug Console|Win32.ActiveCfg = Debug|Win32
		{519E464F-CDBE-4656-B56C-1C996EE2D973}.Debug Console|Win32.Build.0 = Debug|Win32
		{519E464F-CDBE-4656-B56C-1C996EE2D973}.Debug|Win32.ActiveCfg = Debug|Win32
		{519E464F-CDBE-4656-B56C-1C996EE2D973}.Release Console|Win32.ActiveCfg = Release|Win32
		{519E464F-CDBE-4656-B56C-1C996EE2D973}.Release Console|Win32.Build.0 = Release|Win32
		{519E464F-CDBE-4656-B56C-1C996EE2D973}.Release|Win32.ActiveCfg = Debug|Win32
		{519E464F-CDBE-4656-B56C-1C996EE2D973}.Release|Win32.Build.0 = Debug|Win32
		{7847656F-F0C9-40B9-A046-7FCC354C0FD8}.Debug C++|Win32.ActiveCfg = Debug C++|Win32
		{7847656F-F0C9-40B9-A046-7FCC354C0FD8}.Debug C++|Win32.Build.0 = Debug C++|Win32
		{7847656F-F0C9-40B9-A046-7FCC354C0FD8}.Debug Console|Win32.ActiveCfg = Debug|Win32
		{7847656F-F0C9-40B9-A046-7FCC354C0FD8}.Debug Console|Win32.Build.0 = Debug|Win32
		{7847656F-F0C9-40B9-A046-7FCC354C0FD8}.Debug|Win32.ActiveCfg = Debug|Win32
		{7847656F-F0C9-40B9-A046-7FCC354C0FD8}.Debug|Win32.Build.0 = Debug|Win32
		{7847656F-F0C9-40B9-A046-7FCC354C0FD8}.Release Console|Win32.ActiveCfg = Release|Win32
		{7847656F-F0C9-40B9-A046-7FCC354C0FD8}.Release Console|Win32.Build.0 = Release|Win32
		{7847656F-F0C9-40B9-A046-7FCC354C0FD8}.Release|Win32.ActiveCfg = Debug|Win32
		{7847656F-F0C9-40B9-A046-7FCC354C0FD8}.Release|Win32.Build.0 = Debug|Win32
		{DDD00787-3BE4-4330-8EE6-5BF183BF7E73}.Debug C++|Win32.ActiveCfg = Debug C++|Win32
		{DDD00787-3BE4-4330-8EE6-5BF183BF7E73}.Debug C++|Win32.Build.0 = Debug C++|Win32
		{DDD00787-3BE4-4330-8EE6-5BF183BF7E73}.Debug Console|Win32.ActiveCfg = Debug|Win32
		{DDD00787-3BE4-4330-8EE6-5BF183BF7E73}.Debug Console|Win32.Build.0 = Debug|Win32
		{DDD00787-3BE4-4330-8EE6-5BF183BF7E73}.Debug|Win32.ActiveCfg = Debug|Win32
		{DDD00787-3BE4-4330-8EE6-5BF183BF7E73}.Release Console|Win32.ActiveCfg = Release|Win32
		{DDD00787-3BE4-4330-8EE6-5BF183BF7E73}.Release Console|Win32.Build.0 = Release|Win32
		{DDD00787-3BE4-4330-8EE6-5BF183BF7E73}.Release|Win32.ActiveCfg = Debug|Win32
		{DDD00787-3BE4-4330-8EE6-5BF183BF7E73}.Release|Win32.Build.0 = Debug|Win32
		{738867FC-C4F9-4466-9A08-10C4EF3CBC64}.Debug C++|Win32.ActiveCfg = Debug C++|Win32
		{738867FC-C4F9-4466-9A08-10C4EF3CBC64}.Debug C++|Win32.Build.0 = Debug C++|Win32
		{738867FC-C4F9-4466-9A08-10C4EF3CBC64}.Debug Console|Win32.ActiveCfg = Debug|Win32
		{738867FC-C4F9-4466-9A08-10C4EF3CBC64}.Debug Console|Win32.Build.0 = Debug|Win32
		{738867FC-C4F9-4466-9A08-10C4EF3CBC64}.Debug|Win32.ActiveCfg = Debug|Win32
		{738867FC-C4F9-4466-9A08-10C4EF3CBC64}.Debug|Win32.Build.0 = Debug|Win32
		{738867FC-C4F9-4466-9A08-10C4EF3CBC64}.Release Console|Win32.ActiveCfg = Release|Win32
		{738867FC-C4F9-4466-9A08-10C4EF3CBC64}.Release Console|Win32.Build.0 = Release|Win32
		{738867FC-C4F9-4466-9A08-10C4EF3CBC64}.Release|Win32.ActiveCfg = Debug|Win32
		{738867FC-C4F9-4466-9A08-10C4EF3CBC64}.Release|Win32.Build.0 = Debug|Win32
		{4C9A8E68-BCA3-4B4D-A010-D237D0434D4A}.Debug C++|Win32.ActiveCfg = Debug C++|Win32
		{4C9A8E68-BCA3-4B4D-A010-D237D0434D4A}.Debug C++|Win32.Build.0 = Debug C++|Win32
		{4C9A8E68-BCA3-4B4D-A010-D237D0434D4A}.Debug Console|Win32.ActiveCfg = Debug|Win32
		{4C9A8E68-BCA3-4B4D-A010-D237D0434D4A}.Debug Console|Win32.Build.0 = Debug|Win32
		{4C9A8E68-BCA3-4B4D-A010-D237D0434D4A}.Debug|Win32.ActiveCfg = Debug|Win32
		{4C9A8E68-BCA3-4B4D-A010-D237D0434D4A}.Debug|Win32.Build.0 = Debug|Win32
		{4C9A8E68-BCA3-4B4D-A010-D237D0434D4A}.Release Console|Win32.ActiveCfg = Release|Win32
		{4C9A8E68-BCA3-4B4D-A010-D237D0434D4A}.Release Console|Win32.Build.0 = Release|Win32
		{4C9A8E68-BCA3-4B4D-A010-D237D0434D4A}.Release|Win32.ActiveCfg = Debug|Win32
		{4C9A8E68-BCA3-4B4D-A010-D237D0434D4A}.Release|Win32.Build.0 = Debug|Win32
		{B3B5A2AE-BB6C-4B90-92E8-5F580AE5B7BC}.Debug C++|Win32.ActiveCfg = Debug C++|Win32
		{B3B5A2AE-BB6C-4B90-92E8-5F580AE5B7BC}.Debug C++|Win32.Build.0 = Debug C++|Win32
		{B3B5A2AE-BB6C-4B90-92E8-5F580AE5B7BC}.Debug Console|Win32.ActiveCfg = Debug|Win32
		{B3B5A2AE-BB6C-4B90-92E8-5F580AE5B7BC}.Debug Console|Win32.Build.0 = Debug|Win32
		{B3B5A2AE-BB6C-4B90-92E8-5F580AE5B7BC}.Debug|Win32.ActiveCfg = Debug|Win32
		{B3B5A2AE-BB6C-4B90-92E8-5F580AE5B7BC}.Debug|Win32.Build.0 = Debug|Win32
		{B3B5A2AE-BB6C-4B90-92E8-5F580AE5B7BC}.Release Console|Win32.ActiveCfg = Release|Win32
		{B3B5A2AE-BB6C-4B90-92E8-5F580AE5B7BC}.Release Console|Win32.Build.0 = Release|Win32
		{B3B5A2AE-BB6C-4B90-92E8-5F580AE5B7BC}.Release|Win32.ActiveCfg = Debug|Win32
		{B3B5A2AE-BB6C-4B90-92E8-5F580AE5B7BC}.Release|Win32.Build.0 = Debug|Win32
		{E31F9A10-95B9-48DC-BD62-637BE16423E7}.Debug C++|Win32.ActiveCfg = Debug C++|Win32
		{E31F9A10-95B9-48DC-BD62-637BE16423E7}.Debug C++|Win32.Build.0 = Debug C++|Win32
		{E31F9A10-95B9-48DC-BD62-637BE16423E7}.Debug Console|Win32.ActiveCfg = Debug|Win32
		{E31F9A10-95B9-48DC-BD62-637BE16423E7}.Debug Console|Win32.Build.0 = Debug|Win32
		{E31F9A10-95B9-48DC-BD62-637BE16423E7}.Debug|Win32.ActiveCfg = Debug|Win32
		{E31F9A10-95B9-48DC-BD62-637BE16423E7}.Release Console|Win32.ActiveCfg = Release|Win32
		{E31F9A10-95B9-48DC-BD62-637BE16423E7}.Release Console|Win32.Build.0 = Release|Win32
		{E31F9A10-95B9-48DC-BD62-637BE16423E7}.Release|Win32.ActiveCfg = Release|Win32
		{E31F9A10-95B9-48DC-BD62-637BE16423E7}.Release|Win32.Build.0 = Release|Win32
		{A04714B3-1B07-4FAC-B76E-5F8E89F6AF30}.Debug C++|Win32.ActiveCfg = Debug C++|Win32
		{A04714B3-1B07-4FAC-B76E-5F8E89F6AF30}.Debug C++|Win32.Build.0 = Debug C++|Win32
		{A04714B3-1B07-4FAC-B76E-5F8E89F6AF30}.Debug Console|Win32.ActiveCfg = Debug|Win32
		{A04714B3-1B07-4FAC-B76E-5F8E89F6AF30}.Debug Console|Win32.Build.0 = Debug|Win32
		{A04714B3-1B07-4FAC-B76E-5F8E89F6AF30}.Debug|Win32.ActiveCfg = Debug C++|Win32
		{A04714B3-1B07-4FAC-B76E-5F8E89F6AF30}.Debug|Win32.Build.0 = Debug C++|Win32
		{A04714B3-1B07-4FAC-B76E-5F8E89F6AF30}.Release Console|Win32.ActiveCfg = Release|Win32
		{A04714B3-1B07-4FAC-B76E-5F8E89F6AF30}.Release Console|Win32.Build.0 = Release|Win32
		{A04714B3-1B07-4FAC-B76E-5F8E89F6AF30}.Release|Win32.ActiveCfg = Release|Win32
		{A04714B3-1B07-4FAC-B76E-5F8E89F6AF30}.Release|Win32.Build.0 = Release|Win32
		{E1FE3431-C78C-4919-BC24-5F974031A302}.Debug C++|Win32.ActiveCfg = Debug C++|Win32
		{E1FE3431-C78C-4919-BC24-5F974031A302}.Debug C++|Win32.Build.0 = Debug C++|Win32
		{E1FE3431-C78C-4919-BC24-5F974031A302}.Debug Console|Win32.ActiveCfg = Debug|Win32
		{E1FE3431-C78C-4919-BC24-5F974031A302}.Debug Console|Win32.Build.0 = Debug|Win32
		{E1FE3431-C78C-4919-BC24-5F974031A302}.Debug|Win32.ActiveCfg = Debug C++|Win32
		{E1FE3431-C78C-4919-BC24-5F974031A302}.Debug|Win32.Build.0 = Debug C++|Win32
		{E1FE3431-C78C-4919-BC24-5F974031A302}.Release Console|Win32.ActiveCfg = Release|Win32
		{E1FE3431-C78C-4919-BC24-5F974031A302}.Release Console|Win32.Build.0 = Release|Win32
		{E1FE3431-C78C-4919-BC24-5F974031A302}.Release|Win32.ActiveCfg = Release|Win32
		{E1FE3431-C78C-4919-BC24-5F974031A302}.Release|Win32.Build.0 = Release|Win32
		{3BF81A2C-8FEC-49F8-9BCF-D1FEDF10ACBE}.Debug C++|Win32.ActiveCfg = Debug C++|Win32
		{3BF81A2C-8FEC-49F8-9BCF-D1FEDF10ACBE}.Debug C++|Win32.Build.0 = Debug C++|Win32
		{3BF81A2C-8FEC-49F8-9BCF-D1FEDF10ACBE}.Debug Console|Win32.ActiveCfg = Debug|Win32
		{3BF81A2C-8FEC-49F8-9BCF-D1FEDF10ACBE}.Debug Console|Win32.Build.0 = Debug|Win32
		{3BF81A2C-8FEC-49F8-9BCF-D1FEDF10ACBE}.Debug|Win32.ActiveCfg = Debug|Win32
		{3BF81A2C-8FEC-49F8-9BCF-D1FEDF10ACBE}.Debug|Win32.Build.0 = Debug|Win32
		{3BF81A2C-8FEC-49F8-9BCF-D1FEDF10ACBE}.Release Console|Win32.ActiveCfg = Release|Win32
		{3BF81A2C-8FEC-49F8-9BCF-D1FEDF10ACBE}.Release Console|Win32.Build.0 = Release|Win32
		{3BF81A2C-8FEC-49F8-9BCF-D1FEDF10ACBE}.Release|Win32.ActiveCfg = Release|Win32
		{3BF81A2C-8FEC-49F8-9BCF-D1FEDF10ACBE}.Release|Win32.Build.0 = Release|Win32
		{A2D5A597-BDA6-4328-9C15-A777BC6B346B}.Debug C++|Win32.ActiveCfg = Debug|Win32
		{A2D5A597-BDA6-4328-9C15-A777BC6B346B}.Debug C++|Win32.Build.0 = Debug|Win32
		{A2D5A597-BDA6-4328-9C15-A777BC6B346B}.Debug Console|Win32.ActiveCfg = Debug|Win32
		{A2D5A597-BDA6-4328-9C15-A777BC6B346B}.Debug Console|Win32.Build.0 = Debug|Win32
		{A2D5A597-BDA6-4328-9C15-A777BC6B346B}.Debug|Win32.ActiveCfg = Debug|Win32
		{A2D5A597-BDA6-4328-9C15-A777BC6B346B}.Debug|Win32.Build.0 = Debug|Win32
		{A2D5A597-BDA6-4328-9C15-A777BC6B346B}.Release Console|Win32.ActiveCfg = Release|Win32
		{A2D5A597-BDA6-4328-9C15-A777BC6B346B}.Release Console|Win32.Build.0 = Release|Win32
		{A2D5A597-BDA6-4328-9C15-A777BC6B346B}.Release|Win32.ActiveCfg = Release|Win32
		{A2D5A597-BDA6-4328-9C15-A777BC6B346B}.Release|Win32.Build.0 = Release|Win32
		{A0FCEF70-53FE-46C6-9F94-BC87E3630460}.Debug C++|Win32.ActiveCfg = Debug|Win32
		{A0FCEF70-53FE-46C6-9F94-BC87E3630460}.Debug C++|Win32.Build.0 = Debug|Win32
		{A0FCEF70-53FE-46C6-9F94-BC87E3630460}.Debug Console|Win32.ActiveCfg = Debug C++|Win32
		{A0FCEF70-53FE-46C6-9F94-BC87E3630460}.Debug Console|Win32.Build.0 = Debug C++|Win32
		{A0FCEF70-53FE-46C6-9F94-BC87E3630460}.Debug|Win32.ActiveCfg = Debug|Win32
		{A0FCEF70-53FE-46C6-9F94-BC87E3630460}.Debug|Win32.Build.0 = Debug|Win32
		{A0FCEF70-53FE-46C6-9F94-BC87E3630460}.Release Console|Win32.ActiveCfg = Release|Win32
		{A0FCEF70-53FE-46C6-9F94-BC87E3630460}.Release Console|Win32.Build.0 = Release|Win32
		{A0FCEF70-53FE-46C6-9F94-BC87E3630460}.Release|Win32.ActiveCfg = Release|Win32
		{A0FCEF70-53FE-46C6-9F94-BC87E3630460}.Release|Win32.Build.0 = Release|Win32
		{5DC277FC-791F-49D3-8E44-D5E3F53C2E4B}.Debug C++|Win32.ActiveCfg = Debug C++|Win32
		{5DC277FC-791F-49D3-8E44-D5E3F53C2E4B}.Debug C++|Win32.Build.0 = Debug C++|Win32
		{5DC277FC-791F-49D3-8E44-D5E3F53C2E4B}.Debug Console|Win32.ActiveCfg = Debug|Win32
		{5DC277FC-791F-49D3-8E44-D5E3F53C2E4B}.Debug Console|Win32.Build.0 = Debug|Win32
		{5DC277FC-791F-49D3-8E44-D5E3F53C2E4B}.Debug|Win32.ActiveCfg = Debug|Win32
		{5DC277FC-791F-49D3-8E44-D5E3F53C2E4B}.Debug|Win32.Build.0 = Debug|Win32
		{5DC277FC-791F-49D3-8E44-D5E3F53C2E4B}.Release Console|Win32.ActiveCfg = Release|Win32
		{5DC277FC-791F-49D3-8E44-D5E3F53C2E4B}.Release Console|Win32.Build.0 = Release|Win32
		{5DC277FC-791F-49D3-8E44-D5E3F53C2E4B}.Release|Win32.ActiveCfg = Release|Win32
		{5DC277FC-791F-49D3-8E44-D5E3F53C2E4B}.Release|Win32.Build.0 = Release|Win32
	EndGlobalSection
	GlobalSection(SolutionProperties) = preSolution
		HideSolutionNode = FALSE
	EndGlobalSection
	GlobalSection(NestedProjects) = preSolution
		{49288A7D-E44E-4EE8-83CE-2A7CBB9D5786} = {106EE6D5-5AAF-4FBD-95FC-D72E72755B96}
		{A0575529-0007-4619-90BD-8ABA6D0AC234} = {106EE6D5-5AAF-4FBD-95FC-D72E72755B96}
		{5DC277FC-791F-49D3-8E44-D5E3F53C2E4B} = {106EE6D5-5AAF-4FBD-95FC-D72E72755B96}
		{0119CD87-8427-4EC9-8CAE-78A9F6E38A7D} = {A9A780AF-1B44-41B2-9DF6-DDF609BB68F3}
		{E31F9A10-95B9-48DC-BD62-637BE16423E7} = {A9A780AF-1B44-41B2-9DF6-DDF609BB68F3}
		{A04714B3-1B07-4FAC-B76E-5F8E89F6AF30} = {A9A780AF-1B44-41B2-9DF6-DDF609BB68F3}
		{E1FE3431-C78C-4919-BC24-5F974031A302} = {A9A780AF-1B44-41B2-9DF6-DDF609BB68F3}
		{18A489CF-D217-49C7-944E-5FEEEC28572F} = {77D94C4B-A48D-4416-8B32-781BD8503C9E}
		{3811C22D-D26C-4C6C-8395-D8E294AA3D13} = {77D94C4B-A48D-4416-8B32-781BD8503C9E}
		{36170EA5-C3A4-4029-A7BE-55597EC929FE} = {77D94C4B-A48D-4416-8B32-781BD8503C9E}
		{B3B5A2AE-BB6C-4B90-92E8-5F580AE5B7BC} = {77D94C4B-A48D-4416-8B32-781BD8503C9E}
		{F3C63230-F324-440E-97B2-7934B44FD7F4} = {77D94C4B-A48D-4416-8B32-781BD8503C9E}
		{8EE1532E-168A-4811-B8EB-731454E2DEEC} = {18A489CF-D217-49C7-944E-5FEEEC28572F}
		{B91FFE03-7BF9-49A2-A3CD-447A4A90E0C7} = {18A489CF-D217-49C7-944E-5FEEEC28572F}
		{413EDE4D-7F9C-4637-894D-05259C784E74} = {18A489CF-D217-49C7-944E-5FEEEC28572F}
		{CD41FCF8-B9EE-4B94-A28D-D979E0EDD81D} = {18A489CF-D217-49C7-944E-5FEEEC28572F}
		{0A95A801-35AD-4AD1-B92D-43083FAD0C76} = {18A489CF-D217-49C7-944E-5FEEEC28572F}
		{40B55002-DCC1-4B49-AF7B-59A60C56CD3B} = {18A489CF-D217-49C7-944E-5FEEEC28572F}
		{651163EB-8E94-4457-A9A8-80100DD6C479} = {18A489CF-D217-49C7-944E-5FEEEC28572F}
		{38DF6FD4-EC19-435F-8B5C-0822ECEC1FFE} = {18A489CF-D217-49C7-944E-5FEEEC28572F}
		{96F58931-3820-448E-B762-BABABA626B36} = {18A489CF-D217-49C7-944E-5FEEEC28572F}
		{2B512DA7-1F63-473A-8951-72F6CD772434} = {18A489CF-D217-49C7-944E-5FEEEC28572F}
		{7847656F-F0C9-40B9-A046-7FCC354C0FD8} = {18A489CF-D217-49C7-944E-5FEEEC28572F}
		{4C9A8E68-BCA3-4B4D-A010-D237D0434D4A} = {18A489CF-D217-49C7-944E-5FEEEC28572F}
		{1794C5C0-CC10-401C-BAF3-CFC43A6D8E96} = {18A489CF-D217-49C7-944E-5FEEEC28572F}
		{7D885480-AA83-4379-BCC4-E0CF52498533} = {3811C22D-D26C-4C6C-8395-D8E294AA3D13}
		{4CC364C1-689B-456E-AAC5-61AD07216F6A} = {3811C22D-D26C-4C6C-8395-D8E294AA3D13}
		{539BC81E-4EF5-442A-8596-9B9161F0CB16} = {3811C22D-D26C-4C6C-8395-D8E294AA3D13}
		{6A3179B8-CC88-47C3-9F33-3D26D79F4724} = {3811C22D-D26C-4C6C-8395-D8E294AA3D13}
		{E8521663-80E4-4932-AFBA-CC5806EC7B3F} = {3811C22D-D26C-4C6C-8395-D8E294AA3D13}
		{F60B0A44-86B2-4AF4-888E-52150BC77509} = {3811C22D-D26C-4C6C-8395-D8E294AA3D13}
		{B2AF9004-6EBB-4C3C-A3A1-D624451C0217} = {3811C22D-D26C-4C6C-8395-D8E294AA3D13}
		{5454FC8F-F032-4819-80F1-5C2F23A04B50} = {3811C22D-D26C-4C6C-8395-D8E294AA3D13}
		{738867FC-C4F9-4466-9A08-10C4EF3CBC64} = {3811C22D-D26C-4C6C-8395-D8E294AA3D13}
		{ECBF87C1-1430-448A-9430-27792C37DC36} = {3811C22D-D26C-4C6C-8395-D8E294AA3D13}
		{519E464F-CDBE-4656-B56C-1C996EE2D973} = {36170EA5-C3A4-4029-A7BE-55597EC929FE}
		{DDD00787-3BE4-4330-8EE6-5BF183BF7E73} = {36170EA5-C3A4-4029-A7BE-55597EC929FE}
		{0085BD21-90A6-4144-BF9F-EA8030BA791E} = {36170EA5-C3A4-4029-A7BE-55597EC929FE}
		{3BF81A2C-8FEC-49F8-9BCF-D1FEDF10ACBE} = {D1B51905-7770-4C2C-9A4B-4912F18F5EDB}
		{A0FCEF70-53FE-46C6-9F94-BC87E3630460} = {D1B51905-7770-4C2C-9A4B-4912F18F5EDB}
	EndGlobalSection
EndGlobal
